
Microsoft Visual Studio Solution File, Format Version 12.00
# Visual Studio Version 17
VisualStudioVersion = 17.4.33205.214
MinimumVisualStudioVersion = 10.0.40219.1
Project("{FAE04EC0-301F-11D3-BF4B-00C04F79EFBC}") = "ApiAuth", "ApiAuth\ApiAuth.csproj", "{136AD35C-7F63-44C9-A022-A6F853DC34D9}"
EndProject
Global
	GlobalSection(SolutionConfigurationPlatforms) = preSolution
		Debug|Any CPU = Debug|Any CPU
		Release|Any CPU = Release|Any CPU
	EndGlobalSection
	GlobalSection(ProjectConfigurationPlatforms) = postSolution
		{136AD35C-7F63-44C9-A022-A6F853DC34D9}.Debug|Any CPU.ActiveCfg = Debug|Any CPU
		{136AD35C-7F63-44C9-A022-A6F853DC34D9}.Debug|Any CPU.Build.0 = Debug|Any CPU
		{136AD35C-7F63-44C9-A022-A6F853DC34D9}.Release|Any CPU.ActiveCfg = Release|Any CPU
		{136AD35C-7F63-44C9-A022-A6F853DC34D9}.Release|Any CPU.Build.0 = Release|Any CPU
	EndGlobalSection
	GlobalSection(SolutionProperties) = preSolution
		HideSolutionNode = FALSE
	EndGlobalSection
	GlobalSection(ExtensibilityGlobals) = postSolution
		SolutionGuid = {2E19BBCD-47BB-4A1B-9992-A7B967EF87A8}
	EndGlobalSection
EndGlobal
